# This file was autogenerated by Stack.
# You should not edit this file by hand.
# For more information, please see the documentation at:
#   https://docs.haskellstack.org/en/stable/lock_files

packages:
- completed:
    name: jira-api
    version: 0.1.0.3
    git: https://github.com/dsmatter/jira-api.git
    pantry-tree:
      size: 1511
      sha256: 83ddf6b4b0bd036f109a100ddeb33b2d0eb4befc6715a4841bdcc4a7ae14ece9
    commit: e17ade8e9cbb161880f7052b32c243146274a55f
  original:
    git: https://github.com/dsmatter/jira-api.git
    commit: e17ade8e9cbb161880f7052b32c243146274a55f
- completed:
    name: github
    version: 0.14.1
    git: https://github.com/dsmatter/github.git
    pantry-tree:
      size: 10969
      sha256: 082a2f138d97d77f31d85069d749f7a1914a4504b818647b71bd9e831b50feba
    commit: 93a6cb41dd9c4965b6391a45a7635230b23e8c68
  original:
    git: https://github.com/dsmatter/github.git
    commit: 93a6cb41dd9c4965b6391a45a7635230b23e8c68
- completed:
    name: git
    version: 0.3.1
    git: https://github.com/dsmatter/hs-git.git
    pantry-tree:
      size: 2268
      sha256: 2131830e53a8590124caf4b94cb7de62f4498c7f5d04309c978cc4d2886099aa
    commit: 502ac4165e0a0c0f51139e2969a4a3a1d9c7b7c7
  original:
    git: https://github.com/dsmatter/hs-git.git
    commit: 502ac4165e0a0c0f51139e2969a4a3a1d9c7b7c7
- completed:
    hackage: regexpr-0.5.4@sha256:a942463f1f25638c81b1c1feab5f958f6f404114113b7788f6a7db95f60e5fe2,2202
    pantry-tree:
      size: 517
      sha256: 940eb972948437609057b1db55bfaa4d1a75a9112cb72bbb8d521ecc28f10f50
  original:
    hackage: regexpr-0.5.4
- completed:
    hackage: mtlparse-0.1.4.0@sha256:82d7fb37f5633b4cb3d6ac4ef325cd660282cbc265547d82ce23f3f9f8e5b352,679
    pantry-tree:
      size: 316
      sha256: 7b60267e8ab8a2e30260d1ad69f6182f3cfdf91c23a0035651cd8dcda2968116
  original:
    hackage: mtlparse-0.1.4.0
snapshots:
- completed:
    size: 533053
    url: https://raw.githubusercontent.com/commercialhaskell/stackage-snapshots/master/lts/16/29.yaml
    sha256: eb8ccc595466edefb9a679f19aec2e283d12f4c6ea5eefded1ebe8bd157d77d1
  original: lts-16.29
